
Microsoft Visual Studio Solution File, Format Version 12.00
# Visual Studio Version 16
VisualStudioVersion = 16.0.29215.179
MinimumVisualStudioVersion = 10.0.40219.1
Project("{FAE04EC0-301F-11D3-BF4B-00C04F79EFBC}") = "WebApplication1", "WebApplication1.csproj", "{6496B925-6C36-4C3E-A4D8-9CD07EC66787}"
EndProject
Global
	GlobalSection(SolutionConfigurationPlatforms) = preSolution
		Debug|Any CPU = Debug|Any CPU
		Release|Any CPU = Release|Any CPU
	EndGlobalSection
	GlobalSection(ProjectConfigurationPlatforms) = postSolution
		{6496B925-6C36-4C3E-A4D8-9CD07EC66787}.Debug|Any CPU.ActiveCfg = Debug|Any CPU
		{6496B925-6C36-4C3E-A4D8-9CD07EC66787}.Debug|Any CPU.Build.0 = Debug|Any CPU
		{6496B925-6C36-4C3E-A4D8-9CD07EC66787}.Release|Any CPU.ActiveCfg = Release|Any CPU
		{6496B925-6C36-4C3E-A4D8-9CD07EC66787}.Release|Any CPU.Build.0 = Release|Any CPU
	EndGlobalSection
	GlobalSection(SolutionProperties) = preSolution
		HideSolutionNode = FALSE
	EndGlobalSection
	GlobalSection(ExtensibilityGlobals) = postSolution
		SolutionGuid = {7022DA3B-C9A8-4185-B586-EC5E4977D475}
	EndGlobalSection
EndGlobal
